
Microsoft Visual Studio Solution File, Format Version 12.00
# Visual Studio 15
VisualStudioVersion = 15.0.27428.2015
MinimumVisualStudioVersion = 10.0.40219.1
Project("{FAE04EC0-301F-11D3-BF4B-00C04F79EFBC}") = "ConditionalExpressionsApp1", "ConditionalExpressionsApp1\ConditionalExpressionsApp1.csproj", "{D1BD9EC1-81A8-486C-8AF1-7949E2C96FB6}"
EndProject
Global
	GlobalSection(SolutionConfigurationPlatforms) = preSolution
		Debug|Any CPU = Debug|Any CPU
		Release|Any CPU = Release|Any CPU
	EndGlobalSection
	GlobalSection(ProjectConfigurationPlatforms) = postSolution
		{D1BD9EC1-81A8-486C-8AF1-7949E2C96FB6}.Debug|Any CPU.ActiveCfg = Debug|Any CPU
		{D1BD9EC1-81A8-486C-8AF1-7949E2C96FB6}.Debug|Any CPU.Build.0 = Debug|Any CPU
		{D1BD9EC1-81A8-486C-8AF1-7949E2C96FB6}.Release|Any CPU.ActiveCfg = Release|Any CPU
		{D1BD9EC1-81A8-486C-8AF1-7949E2C96FB6}.Release|Any CPU.Build.0 = Release|Any CPU
	EndGlobalSection
	GlobalSection(SolutionProperties) = preSolution
		HideSolutionNode = FALSE
	EndGlobalSection
	GlobalSection(ExtensibilityGlobals) = postSolution
		SolutionGuid = {5FA84D93-EF60-44C2-8077-D7F5FF2D545E}
	EndGlobalSection
EndGlobal
